
Microsoft Visual Studio Solution File, Format Version 12.00
# Visual Studio Version 16
VisualStudioVersion = 16.0.31019.35
MinimumVisualStudioVersion = 10.0.40219.1
Project("{FAE04EC0-301F-11D3-BF4B-00C04F79EFBC}") = "RoslynParsing", "RoslynParsing\RoslynParsing.csproj", "{1A4DD1DA-18BA-4DB3-8AF5-03BB403A986D}"
EndProject
Project("{FAE04EC0-301F-11D3-BF4B-00C04F79EFBC}") = "RoslynParsingWpf", "RoslynParsingWpf\RoslynParsingWpf.csproj", "{00B01323-D3B3-49EC-A438-EED53445CCEB}"
EndProject
Global
	GlobalSection(SolutionConfigurationPlatforms) = preSolution
		Debug|Any CPU = Debug|Any CPU
		Release|Any CPU = Release|Any CPU
	EndGlobalSection
	GlobalSection(ProjectConfigurationPlatforms) = postSolution
		{1A4DD1DA-18BA-4DB3-8AF5-03BB403A986D}.Debug|Any CPU.ActiveCfg = Debug|Any CPU
		{1A4DD1DA-18BA-4DB3-8AF5-03BB403A986D}.Debug|Any CPU.Build.0 = Debug|Any CPU
		{1A4DD1DA-18BA-4DB3-8AF5-03BB403A986D}.Release|Any CPU.ActiveCfg = Release|Any CPU
		{1A4DD1DA-18BA-4DB3-8AF5-03BB403A986D}.Release|Any CPU.Build.0 = Release|Any CPU
		{00B01323-D3B3-49EC-A438-EED53445CCEB}.Debug|Any CPU.ActiveCfg = Debug|Any CPU
		{00B01323-D3B3-49EC-A438-EED53445CCEB}.Debug|Any CPU.Build.0 = Debug|Any CPU
		{00B01323-D3B3-49EC-A438-EED53445CCEB}.Release|Any CPU.ActiveCfg = Release|Any CPU
		{00B01323-D3B3-49EC-A438-EED53445CCEB}.Release|Any CPU.Build.0 = Release|Any CPU
	EndGlobalSection
	GlobalSection(SolutionProperties) = preSolution
		HideSolutionNode = FALSE
	EndGlobalSection
	GlobalSection(ExtensibilityGlobals) = postSolution
		SolutionGuid = {DC7DF2FC-7705-4CB1-9FAE-6501DB010358}
	EndGlobalSection
EndGlobal
