
Microsoft Visual Studio Solution File, Format Version 12.00
# Visual Studio Version 16
VisualStudioVersion = 16.0.29905.134
MinimumVisualStudioVersion = 10.0.40219.1
Project("{FAE04EC0-301F-11D3-BF4B-00C04F79EFBC}") = "matrixSolver", "matrixSolver2\matrixSolver.csproj", "{E75C9071-FB15-480D-B3AB-01076E6A9D88}"
EndProject
Global
	GlobalSection(SolutionConfigurationPlatforms) = preSolution
		Debug|Any CPU = Debug|Any CPU
		Release|Any CPU = Release|Any CPU
	EndGlobalSection
	GlobalSection(ProjectConfigurationPlatforms) = postSolution
		{E75C9071-FB15-480D-B3AB-01076E6A9D88}.Debug|Any CPU.ActiveCfg = Debug|Any CPU
		{E75C9071-FB15-480D-B3AB-01076E6A9D88}.Debug|Any CPU.Build.0 = Debug|Any CPU
		{E75C9071-FB15-480D-B3AB-01076E6A9D88}.Release|Any CPU.ActiveCfg = Release|Any CPU
		{E75C9071-FB15-480D-B3AB-01076E6A9D88}.Release|Any CPU.Build.0 = Release|Any CPU
	EndGlobalSection
	GlobalSection(SolutionProperties) = preSolution
		HideSolutionNode = FALSE
	EndGlobalSection
	GlobalSection(ExtensibilityGlobals) = postSolution
		SolutionGuid = {BC5D6AAC-CA84-459D-B97B-4E6AC46BBF9C}
	EndGlobalSection
EndGlobal
