
Microsoft Visual Studio Solution File, Format Version 12.00
# Visual Studio Version 16
VisualStudioVersion = 16.0.30309.148
MinimumVisualStudioVersion = 10.0.40219.1
Project("{FAE04EC0-301F-11D3-BF4B-00C04F79EFBC}") = "ViewInjection", "ViewInjection\ViewInjection.csproj", "{C28956DE-4C25-4E2A-9CDC-965130A03864}"
EndProject
Project("{FAE04EC0-301F-11D3-BF4B-00C04F79EFBC}") = "ModuleA", "ModuleA\ModuleA.csproj", "{34ACFA91-9C9F-4BB6-A99C-E4A106978F91}"
EndProject
Project("{FAE04EC0-301F-11D3-BF4B-00C04F79EFBC}") = "ModuleB", "ModuleBModule\ModuleB.csproj", "{9BE8A4B8-1E80-4712-A8A9-94AA3EB69234}"
EndProject
Global
	GlobalSection(SolutionConfigurationPlatforms) = preSolution
		Debug|Any CPU = Debug|Any CPU
		Release|Any CPU = Release|Any CPU
	EndGlobalSection
	GlobalSection(ProjectConfigurationPlatforms) = postSolution
		{C28956DE-4C25-4E2A-9CDC-965130A03864}.Debug|Any CPU.ActiveCfg = Debug|Any CPU
		{C28956DE-4C25-4E2A-9CDC-965130A03864}.Debug|Any CPU.Build.0 = Debug|Any CPU
		{C28956DE-4C25-4E2A-9CDC-965130A03864}.Release|Any CPU.ActiveCfg = Release|Any CPU
		{C28956DE-4C25-4E2A-9CDC-965130A03864}.Release|Any CPU.Build.0 = Release|Any CPU
		{34ACFA91-9C9F-4BB6-A99C-E4A106978F91}.Debug|Any CPU.ActiveCfg = Debug|Any CPU
		{34ACFA91-9C9F-4BB6-A99C-E4A106978F91}.Debug|Any CPU.Build.0 = Debug|Any CPU
		{34ACFA91-9C9F-4BB6-A99C-E4A106978F91}.Release|Any CPU.ActiveCfg = Release|Any CPU
		{34ACFA91-9C9F-4BB6-A99C-E4A106978F91}.Release|Any CPU.Build.0 = Release|Any CPU
		{9BE8A4B8-1E80-4712-A8A9-94AA3EB69234}.Debug|Any CPU.ActiveCfg = Debug|Any CPU
		{9BE8A4B8-1E80-4712-A8A9-94AA3EB69234}.Debug|Any CPU.Build.0 = Debug|Any CPU
		{9BE8A4B8-1E80-4712-A8A9-94AA3EB69234}.Release|Any CPU.ActiveCfg = Release|Any CPU
		{9BE8A4B8-1E80-4712-A8A9-94AA3EB69234}.Release|Any CPU.Build.0 = Release|Any CPU
	EndGlobalSection
	GlobalSection(SolutionProperties) = preSolution
		HideSolutionNode = FALSE
	EndGlobalSection
	GlobalSection(ExtensibilityGlobals) = postSolution
		SolutionGuid = {005CFBB9-B42E-41B5-9370-3C867872FF89}
	EndGlobalSection
EndGlobal
