
Microsoft Visual Studio Solution File, Format Version 12.00
# Visual Studio 15
VisualStudioVersion = 15.0.26430.13
MinimumVisualStudioVersion = 10.0.40219.1
Project("{FAE04EC0-301F-11D3-BF4B-00C04F79EFBC}") = "HourGlass", "HourGlass\HourGlass.csproj", "{585996C4-75B6-44E3-A999-9279D86CBC87}"
EndProject
Global
	GlobalSection(SolutionConfigurationPlatforms) = preSolution
		Debug|Any CPU = Debug|Any CPU
		Release|Any CPU = Release|Any CPU
	EndGlobalSection
	GlobalSection(ProjectConfigurationPlatforms) = postSolution
		{585996C4-75B6-44E3-A999-9279D86CBC87}.Debug|Any CPU.ActiveCfg = Debug|Any CPU
		{585996C4-75B6-44E3-A999-9279D86CBC87}.Debug|Any CPU.Build.0 = Debug|Any CPU
		{585996C4-75B6-44E3-A999-9279D86CBC87}.Release|Any CPU.ActiveCfg = Release|Any CPU
		{585996C4-75B6-44E3-A999-9279D86CBC87}.Release|Any CPU.Build.0 = Release|Any CPU
	EndGlobalSection
	GlobalSection(SolutionProperties) = preSolution
		HideSolutionNode = FALSE
	EndGlobalSection
EndGlobal
